// !$*UTF8*$!
{
	archiveVersion = 1;
	classes = {
	};
	objectVersion = 48;
	objects = {

/* Begin PBXBuildFile section */
		281F503520E058EF00112EE5 /* FlickrConstants.swift in Sources */ = {isa = PBXBuildFile; fileRef = 281F503420E058EF00112EE5 /* FlickrConstants.swift */; };
		281F503820E064F800112EE5 /* FlickrClient.swift in Sources */ = {isa = PBXBuildFile; fileRef = 281F503720E064F800112EE5 /* FlickrClient.swift */; };
		281F503A20E0681800112EE5 /* PhotoAlbumViewController.swift in Sources */ = {isa = PBXBuildFile; fileRef = 281F503920E0681800112EE5 /* PhotoAlbumViewController.swift */; };
		28AEECC720CE2E8700A505D6 /* AppDelegate.swift in Sources */ = {isa = PBXBuildFile; fileRef = 28AEECC620CE2E8700A505D6 /* AppDelegate.swift */; };
		28AEECC920CE2E8700A505D6 /* TravelLocationMapViewController.swift in Sources */ = {isa = PBXBuildFile; fileRef = 28AEECC820CE2E8700A505D6 /* TravelLocationMapViewController.swift */; };
		28AEECCC20CE2E8800A505D6 /* Main.storyboard in Resources */ = {isa = PBXBuildFile; fileRef = 28AEECCA20CE2E8800A505D6 /* Main.storyboard */; };
		28AEECCF20CE2E8800A505D6 /* VirtualTourist.xcdatamodeld in Sources */ = {isa = PBXBuildFile; fileRef = 28AEECCD20CE2E8800A505D6 /* VirtualTourist.xcdatamodeld */; };
		28AEECD120CE2E8800A505D6 /* Assets.xcassets in Resources */ = {isa = PBXBuildFile; fileRef = 28AEECD020CE2E8800A505D6 /* Assets.xcassets */; };
		28AEECD420CE2E8800A505D6 /* LaunchScreen.storyboard in Resources */ = {isa = PBXBuildFile; fileRef = 28AEECD220CE2E8800A505D6 /* LaunchScreen.storyboard */; };
		7C5B0CFC20DA93C70003A5E0 /* DataController.swift in Sources */ = {isa = PBXBuildFile; fileRef = 7C5B0CFB20DA93C70003A5E0 /* DataController.swift */; };
		7C6307B920E841B300C532D7 /* LocationImageCollectionViewCell.swift in Sources */ = {isa = PBXBuildFile; fileRef = 7C6307B820E841B300C532D7 /* LocationImageCollectionViewCell.swift */; };
/* End PBXBuildFile section */

/* Begin PBXFileReference section */
		281F503420E058EF00112EE5 /* FlickrConstants.swift */ = {isa = PBXFileReference; lastKnownFileType = sourcecode.swift; path = FlickrConstants.swift; sourceTree = "<group>"; };
		281F503720E064F800112EE5 /* FlickrClient.swift */ = {isa = PBXFileReference; lastKnownFileType = sourcecode.swift; path = FlickrClient.swift; sourceTree = "<group>"; };
		281F503920E0681800112EE5 /* PhotoAlbumViewController.swift */ = {isa = PBXFileReference; lastKnownFileType = sourcecode.swift; path = PhotoAlbumViewController.swift; sourceTree = "<group>"; };
		28AEECC320CE2E8700A505D6 /* Virtual Tourist.app */ = {isa = PBXFileReference; explicitFileType = wrapper.application; includeInIndex = 0; path = "Virtual Tourist.app"; sourceTree = BUILT_PRODUCTS_DIR; };
		28AEECC620CE2E8700A505D6 /* AppDelegate.swift */ = {isa = PBXFileReference; lastKnownFileType = sourcecode.swift; path = AppDelegate.swift; sourceTree = "<group>"; };
		28AEECC820CE2E8700A505D6 /* TravelLocationMapViewController.swift */ = {isa = PBXFileReference; lastKnownFileType = sourcecode.swift; path = TravelLocationMapViewController.swift; sourceTree = "<group>"; };
		28AEECCB20CE2E8800A505D6 /* Base */ = {isa = PBXFileReference; lastKnownFileType = file.storyboard; name = Base; path = Base.lproj/Main.storyboard; sourceTree = "<group>"; };
		28AEECCE20CE2E8800A505D6 /* CoreDataTest.xcdatamodel */ = {isa = PBXFileReference; lastKnownFileType = wrapper.xcdatamodel; path = CoreDataTest.xcdatamodel; sourceTree = "<group>"; };
		28AEECD020CE2E8800A505D6 /* Assets.xcassets */ = {isa = PBXFileReference; lastKnownFileType = folder.assetcatalog; path = Assets.xcassets; sourceTree = "<group>"; };
		28AEECD320CE2E8800A505D6 /* Base */ = {isa = PBXFileReference; lastKnownFileType = file.storyboard; name = Base; path = Base.lproj/LaunchScreen.storyboard; sourceTree = "<group>"; };
		28AEECD520CE2E8800A505D6 /* Info.plist */ = {isa = PBXFileReference; lastKnownFileType = text.plist.xml; path = Info.plist; sourceTree = "<group>"; };
		7C5B0CFB20DA93C70003A5E0 /* DataController.swift */ = {isa = PBXFileReference; lastKnownFileType = sourcecode.swift; path = DataController.swift; sourceTree = "<group>"; };
		7C6307B820E841B300C532D7 /* LocationImageCollectionViewCell.swift */ = {isa = PBXFileReference; lastKnownFileType = sourcecode.swift; path = LocationImageCollectionViewCell.swift; sourceTree = "<group>"; };
/* End PBXFileReference section */

/* Begin PBXFrameworksBuildPhase section */
		28AEECC020CE2E8700A505D6 /* Frameworks */ = {
			isa = PBXFrameworksBuildPhase;
			buildActionMask = 2147483647;
			files = (
			);
			runOnlyForDeploymentPostprocessing = 0;
		};
/* End PBXFrameworksBuildPhase section */

/* Begin PBXGroup section */
		281F503620E064A300112EE5 /* Flickr */ = {
			isa = PBXGroup;
			children = (
				281F503420E058EF00112EE5 /* FlickrConstants.swift */,
				281F503720E064F800112EE5 /* FlickrClient.swift */,
			);
			path = Flickr;
			sourceTree = "<group>";
		};
		28AEECBA20CE2E8700A505D6 = {
			isa = PBXGroup;
			children = (
				28AEECC520CE2E8700A505D6 /* VirtualTourist */,
				28AEECC420CE2E8700A505D6 /* Products */,
			);
			sourceTree = "<group>";
		};
		28AEECC420CE2E8700A505D6 /* Products */ = {
			isa = PBXGroup;
			children = (
				28AEECC320CE2E8700A505D6 /* Virtual Tourist.app */,
			);
			name = Products;
			sourceTree = "<group>";
		};
		28AEECC520CE2E8700A505D6 /* VirtualTourist */ = {
			isa = PBXGroup;
			children = (
				7C6307B720E8418600C532D7 /* View */,
				7C5B0CFA20DA93650003A5E0 /* Model */,
				28AEECC620CE2E8700A505D6 /* AppDelegate.swift */,
				28AEECDB20CE31B700A505D6 /* View Controllers */,
				28AEECCA20CE2E8800A505D6 /* Main.storyboard */,
				28AEECD020CE2E8800A505D6 /* Assets.xcassets */,
				28AEECD220CE2E8800A505D6 /* LaunchScreen.storyboard */,
				28AEECD520CE2E8800A505D6 /* Info.plist */,
				28AEECCD20CE2E8800A505D6 /* VirtualTourist.xcdatamodeld */,
			);
			path = VirtualTourist;
			sourceTree = "<group>";
		};
		28AEECDB20CE31B700A505D6 /* View Controllers */ = {
			isa = PBXGroup;
			children = (
				28AEECC820CE2E8700A505D6 /* TravelLocationMapViewController.swift */,
				281F503920E0681800112EE5 /* PhotoAlbumViewController.swift */,
			);
			path = "View Controllers";
			sourceTree = "<group>";
		};
		7C5B0CFA20DA93650003A5E0 /* Model */ = {
			isa = PBXGroup;
			children = (
				7C5B0CFB20DA93C70003A5E0 /* DataController.swift */,
				281F503620E064A300112EE5 /* Flickr */,
			);
			path = Model;
			sourceTree = "<group>";
		};
		7C6307B720E8418600C532D7 /* View */ = {
			isa = PBXGroup;
			children = (
				7C6307B820E841B300C532D7 /* LocationImageCollectionViewCell.swift */,
			);
			path = View;
			sourceTree = "<group>";
		};
/* End PBXGroup section */

/* Begin PBXNativeTarget section */
		28AEECC220CE2E8700A505D6 /* Virtual Tourist */ = {
			isa = PBXNativeTarget;
			buildConfigurationList = 28AEECD820CE2E8800A505D6 /* Build configuration list for PBXNativeTarget "Virtual Tourist" */;
			buildPhases = (
				28AEECBF20CE2E8700A505D6 /* Sources */,
				28AEECC020CE2E8700A505D6 /* Frameworks */,
				28AEECC120CE2E8700A505D6 /* Resources */,
			);
			buildRules = (
			);
			dependencies = (
			);
			name = "Virtual Tourist";
			productName = CoreDataTest;
			productReference = 28AEECC320CE2E8700A505D6 /* Virtual Tourist.app */;
			productType = "com.apple.product-type.application";
		};
/* End PBXNativeTarget section */

/* Begin PBXProject section */
		28AEECBB20CE2E8700A505D6 /* Project object */ = {
			isa = PBXProject;
			attributes = {
				LastSwiftUpdateCheck = 0920;
				LastUpgradeCheck = 0920;
				ORGANIZATIONNAME = "Frank Aceves";
				TargetAttributes = {
					28AEECC220CE2E8700A505D6 = {
						CreatedOnToolsVersion = 9.2;
						ProvisioningStyle = Automatic;
					};
				};
			};
			buildConfigurationList = 28AEECBE20CE2E8700A505D6 /* Build configuration list for PBXProject "Virtual Tourist" */;
			compatibilityVersion = "Xcode 8.0";
			developmentRegion = en;
			hasScannedForEncodings = 0;
			knownRegions = (
				en,
				Base,
			);
			mainGroup = 28AEECBA20CE2E8700A505D6;
			productRefGroup = 28AEECC420CE2E8700A505D6 /* Products */;
			projectDirPath = "";
			projectRoot = "";
			targets = (
				28AEECC220CE2E8700A505D6 /* Virtual Tourist */,
			);
		};
/* End PBXProject section */

/* Begin PBXResourcesBuildPhase section */
		28AEECC120CE2E8700A505D6 /* Resources */ = {
			isa = PBXResourcesBuildPhase;
			buildActionMask = 2147483647;
			files = (
				28AEECD420CE2E8800A505D6 /* LaunchScreen.storyboard in Resources */,
				28AEECD120CE2E8800A505D6 /* Assets.xcassets in Resources */,
				28AEECCC20CE2E8800A505D6 /* Main.storyboard in Resources */,
			);
			runOnlyForDeploymentPostprocessing = 0;
		};
/* End PBXResourcesBuildPhase section */

/* Begin PBXSourcesBuildPhase section */
		28AEECBF20CE2E8700A505D6 /* Sources */ = {
			isa = PBXSourcesBuildPhase;
			buildActionMask = 2147483647;
			files = (
				281F503520E058EF00112EE5 /* FlickrConstants.swift in Sources */,
				281F503A20E0681800112EE5 /* PhotoAlbumViewController.swift in Sources */,
				28AEECC920CE2E8700A505D6 /* TravelLocationMapViewController.swift in Sources */,
				7C6307B920E841B300C532D7 /* LocationImageCollectionViewCell.swift in Sources */,
				7C5B0CFC20DA93C70003A5E0 /* DataController.swift in Sources */,
				28AEECCF20CE2E8800A505D6 /* VirtualTourist.xcdatamodeld in Sources */,
				28AEECC720CE2E8700A505D6 /* AppDelegate.swift in Sources */,
				281F503820E064F800112EE5 /* FlickrClient.swift in Sources */,
			);
			runOnlyForDeploymentPostprocessing = 0;
		};
/* End PBXSourcesBuildPhase section */

/* Begin PBXVariantGroup section */
		28AEECCA20CE2E8800A505D6 /* Main.storyboard */ = {
			isa = PBXVariantGroup;
			children = (
				28AEECCB20CE2E8800A505D6 /* Base */,
			);
			name = Main.storyboard;
			sourceTree = "<group>";
		};
		28AEECD220CE2E8800A505D6 /* LaunchScreen.storyboard */ = {
			isa = PBXVariantGroup;
			children = (
				28AEECD320CE2E8800A505D6 /* Base */,
			);
			name = LaunchScreen.storyboard;
			sourceTree = "<group>";
		};
/* End PBXVariantGroup section */

/* Begin XCBuildConfiguration section */
		28AEECD620CE2E8800A505D6 /* Debug */ = {
			isa = XCBuildConfiguration;
			buildSettings = {
				ALWAYS_SEARCH_USER_PATHS = NO;
				CLANG_ANALYZER_NONNULL = YES;
				CLANG_ANALYZER_NUMBER_OBJECT_CONVERSION = YES_AGGRESSIVE;
				CLANG_CXX_LANGUAGE_STANDARD = "gnu++14";
				CLANG_CXX_LIBRARY = "libc++";
				CLANG_ENABLE_MODULES = YES;
				CLANG_ENABLE_OBJC_ARC = YES;
				CLANG_WARN_BLOCK_CAPTURE_AUTORELEASING = YES;
				CLANG_WARN_BOOL_CONVERSION = YES;
				CLANG_WARN_COMMA = YES;
				CLANG_WARN_CONSTANT_CONVERSION = YES;
				CLANG_WARN_DIRECT_OBJC_ISA_USAGE = YES_ERROR;
				CLANG_WARN_DOCUMENTATION_COMMENTS = YES;
				CLANG_WARN_EMPTY_BODY = YES;
				CLANG_WARN_ENUM_CONVERSION = YES;
				CLANG_WARN_INFINITE_RECURSION = YES;
				CLANG_WARN_INT_CONVERSION = YES;
				CLANG_WARN_NON_LITERAL_NULL_CONVERSION = YES;
				CLANG_WARN_OBJC_LITERAL_CONVERSION = YES;
				CLANG_WARN_OBJC_ROOT_CLASS = YES_ERROR;
				CLANG_WARN_RANGE_LOOP_ANALYSIS = YES;
				CLANG_WARN_STRICT_PROTOTYPES = YES;
				CLANG_WARN_SUSPICIOUS_MOVE = YES;
				CLANG_WARN_UNGUARDED_AVAILABILITY = YES_AGGRESSIVE;
				CLANG_WARN_UNREACHABLE_CODE = YES;
				CLANG_WARN__DUPLICATE_METHOD_MATCH = YES;
				CODE_SIGN_IDENTITY = "iPhone Developer";
				COPY_PHASE_STRIP = NO;
				DEBUG_INFORMATION_FORMAT = dwarf;
				ENABLE_STRICT_OBJC_MSGSEND = YES;
				ENABLE_TESTABILITY = YES;
				GCC_C_LANGUAGE_STANDARD = gnu11;
				GCC_DYNAMIC_NO_PIC = NO;
				GCC_NO_COMMON_BLOCKS = YES;
				GCC_OPTIMIZATION_LEVEL = 0;
				GCC_PREPROCESSOR_DEFINITIONS = (
					"DEBUG=1",
					"$(inherited)",
				);
				GCC_WARN_64_TO_32_BIT_CONVERSION = YES;
				GCC_WARN_ABOUT_RETURN_TYPE = YES_ERROR;
				GCC_WARN_UNDECLARED_SELECTOR = YES;
				GCC_WARN_UNINITIALIZED_AUTOS = YES_AGGRESSIVE;
				GCC_WARN_UNUSED_FUNCTION = YES;
				GCC_WARN_UNUSED_VARIABLE = YES;
				IPHONEOS_DEPLOYMENT_TARGET = 11.2;
				MTL_ENABLE_DEBUG_INFO = YES;
				ONLY_ACTIVE_ARCH = YES;
				SDKROOT = iphoneos;
				SWIFT_ACTIVE_COMPILATION_CONDITIONS = DEBUG;
				SWIFT_OPTIMIZATION_LEVEL = "-Onone";
			};
			name = Debug;
		};
		28AEECD720CE2E8800A505D6 /* Release */ = {
			isa = XCBuildConfiguration;
			buildSettings = {
				ALWAYS_SEARCH_USER_PATHS = NO;
				CLANG_ANALYZER_NONNULL = YES;
				CLANG_ANALYZER_NUMBER_OBJECT_CONVERSION = YES_AGGRESSIVE;
				CLANG_CXX_LANGUAGE_STANDARD = "gnu++14";
				CLANG_CXX_LIBRARY = "libc++";
				CLANG_ENABLE_MODULES = YES;
				CLANG_ENABLE_OBJC_ARC = YES;
				CLANG_WARN_BLOCK_CAPTURE_AUTORELEASING = YES;
				CLANG_WARN_BOOL_CONVERSION = YES;
				CLANG_WARN_COMMA = YES;
				CLANG_WARN_CONSTANT_CONVERSION = YES;
				CLANG_WARN_DIRECT_OBJC_ISA_USAGE = YES_ERROR;
				CLANG_WARN_DOCUMENTATION_COMMENTS = YES;
				CLANG_WARN_EMPTY_BODY = YES;
				CLANG_WARN_ENUM_CONVERSION = YES;
				CLANG_WARN_INFINITE_RECURSION = YES;
				CLANG_WARN_INT_CONVERSION = YES;
				CLANG_WARN_NON_LITERAL_NULL_CONVERSION = YES;
				CLANG_WARN_OBJC_LITERAL_CONVERSION = YES;
				CLANG_WARN_OBJC_ROOT_CLASS = YES_ERROR;
				CLANG_WARN_RANGE_LOOP_ANALYSIS = YES;
				CLANG_WARN_STRICT_PROTOTYPES = YES;
				CLANG_WARN_SUSPICIOUS_MOVE = YES;
				CLANG_WARN_UNGUARDED_AVAILABILITY = YES_AGGRESSIVE;
				CLANG_WARN_UNREACHABLE_CODE = YES;
				CLANG_WARN__DUPLICATE_METHOD_MATCH = YES;
				CODE_SIGN_IDENTITY = "iPhone Developer";
				COPY_PHASE_STRIP = NO;
				DEBUG_INFORMATION_FORMAT = "dwarf-with-dsym";
				ENABLE_NS_ASSERTIONS = NO;
				ENABLE_STRICT_OBJC_MSGSEND = YES;
				GCC_C_LANGUAGE_STANDARD = gnu11;
				GCC_NO_COMMON_BLOCKS = YES;
				GCC_WARN_64_TO_32_BIT_CONVERSION = YES;
				GCC_WARN_ABOUT_RETURN_TYPE = YES_ERROR;
				GCC_WARN_UNDECLARED_SELECTOR = YES;
				GCC_WARN_UNINITIALIZED_AUTOS = YES_AGGRESSIVE;
				GCC_WARN_UNUSED_FUNCTION = YES;
				GCC_WARN_UNUSED_VARIABLE = YES;
				IPHONEOS_DEPLOYMENT_TARGET = 11.2;
				MTL_ENABLE_DEBUG_INFO = NO;
				SDKROOT = iphoneos;
				SWIFT_OPTIMIZATION_LEVEL = "-Owholemodule";
				VALIDATE_PRODUCT = YES;
			};
			name = Release;
		};
		28AEECD920CE2E8800A505D6 /* Debug */ = {
			isa = XCBuildConfiguration;
			buildSettings = {
				ASSETCATALOG_COMPILER_APPICON_NAME = AppIcon;
				"CODE_SIGN_IDENTITY[sdk=iphoneos*]" = "iPhone Developer";
				CODE_SIGN_STYLE = Automatic;
				DEVELOPMENT_TEAM = 5K24LXXJ4P;
				INFOPLIST_FILE = VirtualTourist/Info.plist;
				IPHONEOS_DEPLOYMENT_TARGET = 11.2;
				LD_RUNPATH_SEARCH_PATHS = "$(inherited) @executable_path/Frameworks";
				PRODUCT_BUNDLE_IDENTIFIER = com.frankaceves.VirtualTourist;
				PRODUCT_NAME = "$(TARGET_NAME)";
				PROVISIONING_PROFILE_SPECIFIER = "";
				SWIFT_VERSION = 4.0;
				TARGETED_DEVICE_FAMILY = "1,2";
			};
			name = Debug;
		};
		28AEECDA20CE2E8800A505D6 /* Release */ = {
			isa = XCBuildConfiguration;
			buildSettings = {
				ASSETCATALOG_COMPILER_APPICON_NAME = AppIcon;
				"CODE_SIGN_IDENTITY[sdk=iphoneos*]" = "iPhone Developer";
				CODE_SIGN_STYLE = Automatic;
				DEVELOPMENT_TEAM = 5K24LXXJ4P;
				INFOPLIST_FILE = VirtualTourist/Info.plist;
				IPHONEOS_DEPLOYMENT_TARGET = 11.2;
				LD_RUNPATH_SEARCH_PATHS = "$(inherited) @executable_path/Frameworks";
				PRODUCT_BUNDLE_IDENTIFIER = com.frankaceves.VirtualTourist;
				PRODUCT_NAME = "$(TARGET_NAME)";
				PROVISIONING_PROFILE_SPECIFIER = "";
				SWIFT_VERSION = 4.0;
				TARGETED_DEVICE_FAMILY = "1,2";
			};
			name = Release;
		};
/* End XCBuildConfiguration section */

/* Begin XCConfigurationList section */
		28AEECBE20CE2E8700A505D6 /* Build configuration list for PBXProject "Virtual Tourist" */ = {
			isa = XCConfigurationList;
			buildConfigurations = (
				28AEECD620CE2E8800A505D6 /* Debug */,
				28AEECD720CE2E8800A505D6 /* Release */,
			);
			defaultConfigurationIsVisible = 0;
			defaultConfigurationName = Release;
		};
		28AEECD820CE2E8800A505D6 /* Build configuration list for PBXNativeTarget "Virtual Tourist" */ = {
			isa = XCConfigurationList;
			buildConfigurations = (
				28AEECD920CE2E8800A505D6 /* Debug */,
				28AEECDA20CE2E8800A505D6 /* Release */,
			);
			defaultConfigurationIsVisible = 0;
			defaultConfigurationName = Release;
		};
/* End XCConfigurationList section */

/* Begin XCVersionGroup section */
		28AEECCD20CE2E8800A505D6 /* VirtualTourist.xcdatamodeld */ = {
			isa = XCVersionGroup;
			children = (
				28AEECCE20CE2E8800A505D6 /* CoreDataTest.xcdatamodel */,
			);
			currentVersion = 28AEECCE20CE2E8800A505D6 /* CoreDataTest.xcdatamodel */;
			path = VirtualTourist.xcdatamodeld;
			sourceTree = "<group>";
			versionGroupType = wrapper.xcdatamodel;
		};
/* End XCVersionGroup section */
	};
	rootObject = 28AEECBB20CE2E8700A505D6 /* Project object */;
}
